
Microsoft Visual Studio Solution File, Format Version 12.00
# Visual Studio Version 16
VisualStudioVersion = 16.0.30804.86
MinimumVisualStudioVersion = 10.0.40219.1
Project("{FAE04EC0-301F-11D3-BF4B-00C04F79EFBC}") = "BirdsFlyingAroundApp", "BirdsFlyingAroundApp\BirdsFlyingAroundApp.csproj", "{186BB1AB-A8BD-402B-B6BB-AFE7946DB76F}"
EndProject
Global
	GlobalSection(SolutionConfigurationPlatforms) = preSolution
		Debug|Any CPU = Debug|Any CPU
		Release|Any CPU = Release|Any CPU
	EndGlobalSection
	GlobalSection(ProjectConfigurationPlatforms) = postSolution
		{186BB1AB-A8BD-402B-B6BB-AFE7946DB76F}.Debug|Any CPU.ActiveCfg = Debug|Any CPU
		{186BB1AB-A8BD-402B-B6BB-AFE7946DB76F}.Debug|Any CPU.Build.0 = Debug|Any CPU
		{186BB1AB-A8BD-402B-B6BB-AFE7946DB76F}.Release|Any CPU.ActiveCfg = Release|Any CPU
		{186BB1AB-A8BD-402B-B6BB-AFE7946DB76F}.Release|Any CPU.Build.0 = Release|Any CPU
	EndGlobalSection
	GlobalSection(SolutionProperties) = preSolution
		HideSolutionNode = FALSE
	EndGlobalSection
	GlobalSection(ExtensibilityGlobals) = postSolution
		SolutionGuid = {C6F008DB-70EC-4155-9FFB-3D1D7A275BEA}
	EndGlobalSection
EndGlobal
